
Microsoft Visual Studio Solution File, Format Version 12.00
# Visual Studio Version 17
VisualStudioVersion = 17.6.33829.357
MinimumVisualStudioVersion = 10.0.40219.1
Project("{FAE04EC0-301F-11D3-BF4B-00C04F79EFBC}") = "Pong", "Monogame\Pong.csproj", "{53EF5B75-70E3-44CD-A06D-809C3039DCD5}"
EndProject
Global
	GlobalSection(SolutionConfigurationPlatforms) = preSolution
		Debug|Any CPU = Debug|Any CPU
		Release|Any CPU = Release|Any CPU
	EndGlobalSection
	GlobalSection(ProjectConfigurationPlatforms) = postSolution
		{53EF5B75-70E3-44CD-A06D-809C3039DCD5}.Debug|Any CPU.ActiveCfg = Debug|Any CPU
		{53EF5B75-70E3-44CD-A06D-809C3039DCD5}.Debug|Any CPU.Build.0 = Debug|Any CPU
		{53EF5B75-70E3-44CD-A06D-809C3039DCD5}.Release|Any CPU.ActiveCfg = Release|Any CPU
		{53EF5B75-70E3-44CD-A06D-809C3039DCD5}.Release|Any CPU.Build.0 = Release|Any CPU
	EndGlobalSection
	GlobalSection(SolutionProperties) = preSolution
		HideSolutionNode = FALSE
	EndGlobalSection
	GlobalSection(ExtensibilityGlobals) = postSolution
		SolutionGuid = {AF7459DA-5888-4C9C-9C3F-E24C03612CB8}
	EndGlobalSection
EndGlobal
